
Microsoft Visual Studio Solution File, Format Version 12.00
# Visual Studio 15
VisualStudioVersion = 15.0.26730.12
MinimumVisualStudioVersion = 10.0.40219.1
Project("{FAE04EC0-301F-11D3-BF4B-00C04F79EFBC}") = "DocumentManager", "DocumentManager\DocumentManager.csproj", "{E5CA212E-BC87-4FCC-BD78-C21757DD4C6D}"
EndProject
Global
	GlobalSection(SolutionConfigurationPlatforms) = preSolution
		Debug|Any CPU = Debug|Any CPU
		Release|Any CPU = Release|Any CPU
	EndGlobalSection
	GlobalSection(ProjectConfigurationPlatforms) = postSolution
		{E5CA212E-BC87-4FCC-BD78-C21757DD4C6D}.Debug|Any CPU.ActiveCfg = Debug|Any CPU
		{E5CA212E-BC87-4FCC-BD78-C21757DD4C6D}.Debug|Any CPU.Build.0 = Debug|Any CPU
		{E5CA212E-BC87-4FCC-BD78-C21757DD4C6D}.Release|Any CPU.ActiveCfg = Release|Any CPU
		{E5CA212E-BC87-4FCC-BD78-C21757DD4C6D}.Release|Any CPU.Build.0 = Release|Any CPU
	EndGlobalSection
	GlobalSection(SolutionProperties) = preSolution
		HideSolutionNode = FALSE
	EndGlobalSection
	GlobalSection(ExtensibilityGlobals) = postSolution
		SolutionGuid = {C739524A-6E6B-4FFA-83CA-0ABC0148FE42}
	EndGlobalSection
EndGlobal
